
Microsoft Visual Studio Solution File, Format Version 12.00
# Visual Studio Version 17
VisualStudioVersion = 17.4.33103.184
MinimumVisualStudioVersion = 10.0.40219.1
Project("{9A19103F-16F7-4668-BE54-9A1E7A4F7556}") = "Ank9_WebApi_Proje_Odev_OB", "Ank9_WebApi_Proje_Odev_OB\Ank9_WebApi_Proje_Odev_OB.csproj", "{BD1F93F6-B4FE-456A-B845-2B63187F58FF}"
EndProject
Project("{FAE04EC0-301F-11D3-BF4B-00C04F79EFBC}") = "Ank9_WebApi.Models", "Ank9_WebApi.Models\Ank9_WebApi.Models.csproj", "{3B457434-2D97-4828-AF7E-8E93B92EB166}"
EndProject
Global
	GlobalSection(SolutionConfigurationPlatforms) = preSolution
		Debug|Any CPU = Debug|Any CPU
		Release|Any CPU = Release|Any CPU
	EndGlobalSection
	GlobalSection(ProjectConfigurationPlatforms) = postSolution
		{BD1F93F6-B4FE-456A-B845-2B63187F58FF}.Debug|Any CPU.ActiveCfg = Debug|Any CPU
		{BD1F93F6-B4FE-456A-B845-2B63187F58FF}.Debug|Any CPU.Build.0 = Debug|Any CPU
		{BD1F93F6-B4FE-456A-B845-2B63187F58FF}.Release|Any CPU.ActiveCfg = Release|Any CPU
		{BD1F93F6-B4FE-456A-B845-2B63187F58FF}.Release|Any CPU.Build.0 = Release|Any CPU
		{3B457434-2D97-4828-AF7E-8E93B92EB166}.Debug|Any CPU.ActiveCfg = Debug|Any CPU
		{3B457434-2D97-4828-AF7E-8E93B92EB166}.Debug|Any CPU.Build.0 = Debug|Any CPU
		{3B457434-2D97-4828-AF7E-8E93B92EB166}.Release|Any CPU.ActiveCfg = Release|Any CPU
		{3B457434-2D97-4828-AF7E-8E93B92EB166}.Release|Any CPU.Build.0 = Release|Any CPU
	EndGlobalSection
	GlobalSection(SolutionProperties) = preSolution
		HideSolutionNode = FALSE
	EndGlobalSection
	GlobalSection(ExtensibilityGlobals) = postSolution
		SolutionGuid = {37D5424D-CB26-48B9-B2F3-34A1C74EDDDB}
	EndGlobalSection
EndGlobal
